// !$*UTF8*$!
{
	archiveVersion = 1;
	classes = {
	};
	objectVersion = 48;
	objects = {

/* Begin PBXBuildFile section */
		130200952041D40D0040F7EA /* RoundedViews.storyboard in Resources */ = {isa = PBXBuildFile; fileRef = 130200942041D40D0040F7EA /* RoundedViews.storyboard */; };
		130200972041D4310040F7EA /* ViewShadows.storyboard in Resources */ = {isa = PBXBuildFile; fileRef = 130200962041D4310040F7EA /* ViewShadows.storyboard */; };
		130200992041D4B80040F7EA /* TableViewWithCards.storyboard in Resources */ = {isa = PBXBuildFile; fileRef = 130200982041D4B80040F7EA /* TableViewWithCards.storyboard */; };
		134EF010202F374300CF4711 /* AppDelegate.swift in Sources */ = {isa = PBXBuildFile; fileRef = 134EF00F202F374300CF4711 /* AppDelegate.swift */; };
		134EF012202F374300CF4711 /* RoundedViewsViewController.swift in Sources */ = {isa = PBXBuildFile; fileRef = 134EF011202F374300CF4711 /* RoundedViewsViewController.swift */; };
		134EF015202F374300CF4711 /* Main.storyboard in Resources */ = {isa = PBXBuildFile; fileRef = 134EF013202F374300CF4711 /* Main.storyboard */; };
		134EF017202F374300CF4711 /* Assets.xcassets in Resources */ = {isa = PBXBuildFile; fileRef = 134EF016202F374300CF4711 /* Assets.xcassets */; };
		134EF01A202F374300CF4711 /* LaunchScreen.storyboard in Resources */ = {isa = PBXBuildFile; fileRef = 134EF018202F374300CF4711 /* LaunchScreen.storyboard */; };
		137B470B20320C8800D00B47 /* Colors.xcassets in Resources */ = {isa = PBXBuildFile; fileRef = 137B470A20320C8800D00B47 /* Colors.xcassets */; };
		137B470D20320D1E00D00B47 /* ShadowsViewController.swift in Sources */ = {isa = PBXBuildFile; fileRef = 137B470C20320D1E00D00B47 /* ShadowsViewController.swift */; };
		13D4EF6B20333D7500D58FBE /* CardsTableViewController.swift in Sources */ = {isa = PBXBuildFile; fileRef = 13D4EF6A20333D7500D58FBE /* CardsTableViewController.swift */; };
		13D4EF6E2033433900D58FBE /* CardTableViewCell.swift in Sources */ = {isa = PBXBuildFile; fileRef = 13D4EF6D2033433900D58FBE /* CardTableViewCell.swift */; };
/* End PBXBuildFile section */

/* Begin PBXFileReference section */
		130200942041D40D0040F7EA /* RoundedViews.storyboard */ = {isa = PBXFileReference; lastKnownFileType = file.storyboard; path = RoundedViews.storyboard; sourceTree = "<group>"; };
		130200962041D4310040F7EA /* ViewShadows.storyboard */ = {isa = PBXFileReference; lastKnownFileType = file.storyboard; path = ViewShadows.storyboard; sourceTree = "<group>"; };
		130200982041D4B80040F7EA /* TableViewWithCards.storyboard */ = {isa = PBXFileReference; lastKnownFileType = file.storyboard; path = TableViewWithCards.storyboard; sourceTree = "<group>"; };
		134EF00C202F374300CF4711 /* SwiftPills.app */ = {isa = PBXFileReference; explicitFileType = wrapper.application; includeInIndex = 0; path = SwiftPills.app; sourceTree = BUILT_PRODUCTS_DIR; };
		134EF00F202F374300CF4711 /* AppDelegate.swift */ = {isa = PBXFileReference; lastKnownFileType = sourcecode.swift; path = AppDelegate.swift; sourceTree = "<group>"; };
		134EF011202F374300CF4711 /* RoundedViewsViewController.swift */ = {isa = PBXFileReference; lastKnownFileType = sourcecode.swift; path = RoundedViewsViewController.swift; sourceTree = "<group>"; };
		134EF014202F374300CF4711 /* Base */ = {isa = PBXFileReference; lastKnownFileType = file.storyboard; name = Base; path = Base.lproj/Main.storyboard; sourceTree = "<group>"; };
		134EF016202F374300CF4711 /* Assets.xcassets */ = {isa = PBXFileReference; lastKnownFileType = folder.assetcatalog; path = Assets.xcassets; sourceTree = "<group>"; };
		134EF019202F374300CF4711 /* Base */ = {isa = PBXFileReference; lastKnownFileType = file.storyboard; name = Base; path = Base.lproj/LaunchScreen.storyboard; sourceTree = "<group>"; };
		134EF01B202F374300CF4711 /* Info.plist */ = {isa = PBXFileReference; lastKnownFileType = text.plist.xml; path = Info.plist; sourceTree = "<group>"; };
		137B470A20320C8800D00B47 /* Colors.xcassets */ = {isa = PBXFileReference; lastKnownFileType = folder.assetcatalog; path = Colors.xcassets; sourceTree = "<group>"; };
		137B470C20320D1E00D00B47 /* ShadowsViewController.swift */ = {isa = PBXFileReference; lastKnownFileType = sourcecode.swift; path = ShadowsViewController.swift; sourceTree = "<group>"; };
		13D4EF6A20333D7500D58FBE /* CardsTableViewController.swift */ = {isa = PBXFileReference; lastKnownFileType = sourcecode.swift; path = CardsTableViewController.swift; sourceTree = "<group>"; };
		13D4EF6D2033433900D58FBE /* CardTableViewCell.swift */ = {isa = PBXFileReference; lastKnownFileType = sourcecode.swift; path = CardTableViewCell.swift; sourceTree = "<group>"; };
/* End PBXFileReference section */

/* Begin PBXFrameworksBuildPhase section */
		134EF009202F374300CF4711 /* Frameworks */ = {
			isa = PBXFrameworksBuildPhase;
			buildActionMask = 2147483647;
			files = (
			);
			runOnlyForDeploymentPostprocessing = 0;
		};
/* End PBXFrameworksBuildPhase section */

/* Begin PBXGroup section */
		1302008E2041D1F80040F7EA /* Rounded Views */ = {
			isa = PBXGroup;
			children = (
				130200942041D40D0040F7EA /* RoundedViews.storyboard */,
				134EF011202F374300CF4711 /* RoundedViewsViewController.swift */,
			);
			path = "Rounded Views";
			sourceTree = "<group>";
		};
		1302008F2041D3990040F7EA /* View Shadows */ = {
			isa = PBXGroup;
			children = (
				130200962041D4310040F7EA /* ViewShadows.storyboard */,
				137B470C20320D1E00D00B47 /* ShadowsViewController.swift */,
			);
			path = "View Shadows";
			sourceTree = "<group>";
		};
		130200902041D3A80040F7EA /* TableView with card style Cells */ = {
			isa = PBXGroup;
			children = (
				130200982041D4B80040F7EA /* TableViewWithCards.storyboard */,
				13D4EF6A20333D7500D58FBE /* CardsTableViewController.swift */,
				13D4EF6D2033433900D58FBE /* CardTableViewCell.swift */,
			);
			path = "TableView with card style Cells";
			sourceTree = "<group>";
		};
		130200912041D3AF0040F7EA /* Articles */ = {
			isa = PBXGroup;
			children = (
				1302008E2041D1F80040F7EA /* Rounded Views */,
				1302008F2041D3990040F7EA /* View Shadows */,
				130200902041D3A80040F7EA /* TableView with card style Cells */,
			);
			path = Articles;
			sourceTree = "<group>";
		};
		134EF003202F374300CF4711 = {
			isa = PBXGroup;
			children = (
				134EF00E202F374300CF4711 /* SwiftPills */,
				134EF00D202F374300CF4711 /* Products */,
			);
			sourceTree = "<group>";
		};
		134EF00D202F374300CF4711 /* Products */ = {
			isa = PBXGroup;
			children = (
				134EF00C202F374300CF4711 /* SwiftPills.app */,
			);
			name = Products;
			sourceTree = "<group>";
		};
		134EF00E202F374300CF4711 /* SwiftPills */ = {
			isa = PBXGroup;
			children = (
				134EF00F202F374300CF4711 /* AppDelegate.swift */,
				134EF01B202F374300CF4711 /* Info.plist */,
				130200912041D3AF0040F7EA /* Articles */,
				137B470920320C6400D00B47 /* Resources */,
			);
			path = SwiftPills;
			sourceTree = "<group>";
		};
		137B470920320C6400D00B47 /* Resources */ = {
			isa = PBXGroup;
			children = (
				134EF018202F374300CF4711 /* LaunchScreen.storyboard */,
				134EF013202F374300CF4711 /* Main.storyboard */,
				134EF016202F374300CF4711 /* Assets.xcassets */,
				137B470A20320C8800D00B47 /* Colors.xcassets */,
			);
			path = Resources;
			sourceTree = "<group>";
		};
/* End PBXGroup section */

/* Begin PBXNativeTarget section */
		134EF00B202F374300CF4711 /* SwiftPills */ = {
			isa = PBXNativeTarget;
			buildConfigurationList = 134EF01E202F374300CF4711 /* Build configuration list for PBXNativeTarget "SwiftPills" */;
			buildPhases = (
				134EF008202F374300CF4711 /* Sources */,
				134EF009202F374300CF4711 /* Frameworks */,
				134EF00A202F374300CF4711 /* Resources */,
			);
			buildRules = (
			);
			dependencies = (
			);
			name = SwiftPills;
			productName = SwiftPills;
			productReference = 134EF00C202F374300CF4711 /* SwiftPills.app */;
			productType = "com.apple.product-type.application";
		};
/* End PBXNativeTarget section */

/* Begin PBXProject section */
		134EF004202F374300CF4711 /* Project object */ = {
			isa = PBXProject;
			attributes = {
				LastSwiftUpdateCheck = 0920;
				LastUpgradeCheck = 0920;
				ORGANIZATIONNAME = "Francesco Chiusolo";
				TargetAttributes = {
					134EF00B202F374300CF4711 = {
						CreatedOnToolsVersion = 9.2;
						ProvisioningStyle = Automatic;
					};
				};
			};
			buildConfigurationList = 134EF007202F374300CF4711 /* Build configuration list for PBXProject "SwiftPills" */;
			compatibilityVersion = "Xcode 8.0";
			developmentRegion = en;
			hasScannedForEncodings = 0;
			knownRegions = (
				en,
				Base,
			);
			mainGroup = 134EF003202F374300CF4711;
			productRefGroup = 134EF00D202F374300CF4711 /* Products */;
			projectDirPath = "";
			projectRoot = "";
			targets = (
				134EF00B202F374300CF4711 /* SwiftPills */,
			);
		};
/* End PBXProject section */

/* Begin PBXResourcesBuildPhase section */
		134EF00A202F374300CF4711 /* Resources */ = {
			isa = PBXResourcesBuildPhase;
			buildActionMask = 2147483647;
			files = (
				134EF01A202F374300CF4711 /* LaunchScreen.storyboard in Resources */,
				130200992041D4B80040F7EA /* TableViewWithCards.storyboard in Resources */,
				130200952041D40D0040F7EA /* RoundedViews.storyboard in Resources */,
				137B470B20320C8800D00B47 /* Colors.xcassets in Resources */,
				130200972041D4310040F7EA /* ViewShadows.storyboard in Resources */,
				134EF017202F374300CF4711 /* Assets.xcassets in Resources */,
				134EF015202F374300CF4711 /* Main.storyboard in Resources */,
			);
			runOnlyForDeploymentPostprocessing = 0;
		};
/* End PBXResourcesBuildPhase section */

/* Begin PBXSourcesBuildPhase section */
		134EF008202F374300CF4711 /* Sources */ = {
			isa = PBXSourcesBuildPhase;
			buildActionMask = 2147483647;
			files = (
				13D4EF6E2033433900D58FBE /* CardTableViewCell.swift in Sources */,
				134EF012202F374300CF4711 /* RoundedViewsViewController.swift in Sources */,
				13D4EF6B20333D7500D58FBE /* CardsTableViewController.swift in Sources */,
				134EF010202F374300CF4711 /* AppDelegate.swift in Sources */,
				137B470D20320D1E00D00B47 /* ShadowsViewController.swift in Sources */,
			);
			runOnlyForDeploymentPostprocessing = 0;
		};
/* End PBXSourcesBuildPhase section */

/* Begin PBXVariantGroup section */
		134EF013202F374300CF4711 /* Main.storyboard */ = {
			isa = PBXVariantGroup;
			children = (
				134EF014202F374300CF4711 /* Base */,
			);
			name = Main.storyboard;
			sourceTree = "<group>";
		};
		134EF018202F374300CF4711 /* LaunchScreen.storyboard */ = {
			isa = PBXVariantGroup;
			children = (
				134EF019202F374300CF4711 /* Base */,
			);
			name = LaunchScreen.storyboard;
			sourceTree = "<group>";
		};
/* End PBXVariantGroup section */

/* Begin XCBuildConfiguration section */
		134EF01C202F374300CF4711 /* Debug */ = {
			isa = XCBuildConfiguration;
			buildSettings = {
				ALWAYS_SEARCH_USER_PATHS = NO;
				CLANG_ANALYZER_NONNULL = YES;
				CLANG_ANALYZER_NUMBER_OBJECT_CONVERSION = YES_AGGRESSIVE;
				CLANG_CXX_LANGUAGE_STANDARD = "gnu++14";
				CLANG_CXX_LIBRARY = "libc++";
				CLANG_ENABLE_MODULES = YES;
				CLANG_ENABLE_OBJC_ARC = YES;
				CLANG_WARN_BLOCK_CAPTURE_AUTORELEASING = YES;
				CLANG_WARN_BOOL_CONVERSION = YES;
				CLANG_WARN_COMMA = YES;
				CLANG_WARN_CONSTANT_CONVERSION = YES;
				CLANG_WARN_DIRECT_OBJC_ISA_USAGE = YES_ERROR;
				CLANG_WARN_DOCUMENTATION_COMMENTS = YES;
				CLANG_WARN_EMPTY_BODY = YES;
				CLANG_WARN_ENUM_CONVERSION = YES;
				CLANG_WARN_INFINITE_RECURSION = YES;
				CLANG_WARN_INT_CONVERSION = YES;
				CLANG_WARN_NON_LITERAL_NULL_CONVERSION = YES;
				CLANG_WARN_OBJC_LITERAL_CONVERSION = YES;
				CLANG_WARN_OBJC_ROOT_CLASS = YES_ERROR;
				CLANG_WARN_RANGE_LOOP_ANALYSIS = YES;
				CLANG_WARN_STRICT_PROTOTYPES = YES;
				CLANG_WARN_SUSPICIOUS_MOVE = YES;
				CLANG_WARN_UNGUARDED_AVAILABILITY = YES_AGGRESSIVE;
				CLANG_WARN_UNREACHABLE_CODE = YES;
				CLANG_WARN__DUPLICATE_METHOD_MATCH = YES;
				CODE_SIGN_IDENTITY = "iPhone Developer";
				COPY_PHASE_STRIP = NO;
				DEBUG_INFORMATION_FORMAT = dwarf;
				ENABLE_STRICT_OBJC_MSGSEND = YES;
				ENABLE_TESTABILITY = YES;
				GCC_C_LANGUAGE_STANDARD = gnu11;
				GCC_DYNAMIC_NO_PIC = NO;
				GCC_NO_COMMON_BLOCKS = YES;
				GCC_OPTIMIZATION_LEVEL = 0;
				GCC_PREPROCESSOR_DEFINITIONS = (
					"DEBUG=1",
					"$(inherited)",
				);
				GCC_WARN_64_TO_32_BIT_CONVERSION = YES;
				GCC_WARN_ABOUT_RETURN_TYPE = YES_ERROR;
				GCC_WARN_UNDECLARED_SELECTOR = YES;
				GCC_WARN_UNINITIALIZED_AUTOS = YES_AGGRESSIVE;
				GCC_WARN_UNUSED_FUNCTION = YES;
				GCC_WARN_UNUSED_VARIABLE = YES;
				IPHONEOS_DEPLOYMENT_TARGET = 11.2;
				MTL_ENABLE_DEBUG_INFO = YES;
				ONLY_ACTIVE_ARCH = YES;
				SDKROOT = iphoneos;
				SWIFT_ACTIVE_COMPILATION_CONDITIONS = DEBUG;
				SWIFT_OPTIMIZATION_LEVEL = "-Onone";
			};
			name = Debug;
		};
		134EF01D202F374300CF4711 /* Release */ = {
			isa = XCBuildConfiguration;
			buildSettings = {
				ALWAYS_SEARCH_USER_PATHS = NO;
				CLANG_ANALYZER_NONNULL = YES;
				CLANG_ANALYZER_NUMBER_OBJECT_CONVERSION = YES_AGGRESSIVE;
				CLANG_CXX_LANGUAGE_STANDARD = "gnu++14";
				CLANG_CXX_LIBRARY = "libc++";
				CLANG_ENABLE_MODULES = YES;
				CLANG_ENABLE_OBJC_ARC = YES;
				CLANG_WARN_BLOCK_CAPTURE_AUTORELEASING = YES;
				CLANG_WARN_BOOL_CONVERSION = YES;
				CLANG_WARN_COMMA = YES;
				CLANG_WARN_CONSTANT_CONVERSION = YES;
				CLANG_WARN_DIRECT_OBJC_ISA_USAGE = YES_ERROR;
				CLANG_WARN_DOCUMENTATION_COMMENTS = YES;
				CLANG_WARN_EMPTY_BODY = YES;
				CLANG_WARN_ENUM_CONVERSION = YES;
				CLANG_WARN_INFINITE_RECURSION = YES;
				CLANG_WARN_INT_CONVERSION = YES;
				CLANG_WARN_NON_LITERAL_NULL_CONVERSION = YES;
				CLANG_WARN_OBJC_LITERAL_CONVERSION = YES;
				CLANG_WARN_OBJC_ROOT_CLASS = YES_ERROR;
				CLANG_WARN_RANGE_LOOP_ANALYSIS = YES;
				CLANG_WARN_STRICT_PROTOTYPES = YES;
				CLANG_WARN_SUSPICIOUS_MOVE = YES;
				CLANG_WARN_UNGUARDED_AVAILABILITY = YES_AGGRESSIVE;
				CLANG_WARN_UNREACHABLE_CODE = YES;
				CLANG_WARN__DUPLICATE_METHOD_MATCH = YES;
				CODE_SIGN_IDENTITY = "iPhone Developer";
				COPY_PHASE_STRIP = NO;
				DEBUG_INFORMATION_FORMAT = "dwarf-with-dsym";
				ENABLE_NS_ASSERTIONS = NO;
				ENABLE_STRICT_OBJC_MSGSEND = YES;
				GCC_C_LANGUAGE_STANDARD = gnu11;
				GCC_NO_COMMON_BLOCKS = YES;
				GCC_WARN_64_TO_32_BIT_CONVERSION = YES;
				GCC_WARN_ABOUT_RETURN_TYPE = YES_ERROR;
				GCC_WARN_UNDECLARED_SELECTOR = YES;
				GCC_WARN_UNINITIALIZED_AUTOS = YES_AGGRESSIVE;
				GCC_WARN_UNUSED_FUNCTION = YES;
				GCC_WARN_UNUSED_VARIABLE = YES;
				IPHONEOS_DEPLOYMENT_TARGET = 11.2;
				MTL_ENABLE_DEBUG_INFO = NO;
				SDKROOT = iphoneos;
				SWIFT_OPTIMIZATION_LEVEL = "-Owholemodule";
				VALIDATE_PRODUCT = YES;
			};
			name = Release;
		};
		134EF01F202F374300CF4711 /* Debug */ = {
			isa = XCBuildConfiguration;
			buildSettings = {
				ASSETCATALOG_COMPILER_APPICON_NAME = AppIcon;
				CODE_SIGN_STYLE = Automatic;
				DEVELOPMENT_TEAM = 4MPX898GZF;
				INFOPLIST_FILE = SwiftPills/Info.plist;
				LD_RUNPATH_SEARCH_PATHS = "$(inherited) @executable_path/Frameworks";
				PRODUCT_BUNDLE_IDENTIFIER = com.francescochiusolo.SwiftPills;
				PRODUCT_NAME = "$(TARGET_NAME)";
				SWIFT_VERSION = 4.0;
				TARGETED_DEVICE_FAMILY = "1,2";
			};
			name = Debug;
		};
		134EF020202F374300CF4711 /* Release */ = {
			isa = XCBuildConfiguration;
			buildSettings = {
				ASSETCATALOG_COMPILER_APPICON_NAME = AppIcon;
				CODE_SIGN_STYLE = Automatic;
				DEVELOPMENT_TEAM = 4MPX898GZF;
				INFOPLIST_FILE = SwiftPills/Info.plist;
				LD_RUNPATH_SEARCH_PATHS = "$(inherited) @executable_path/Frameworks";
				PRODUCT_BUNDLE_IDENTIFIER = com.francescochiusolo.SwiftPills;
				PRODUCT_NAME = "$(TARGET_NAME)";
				SWIFT_VERSION = 4.0;
				TARGETED_DEVICE_FAMILY = "1,2";
			};
			name = Release;
		};
/* End XCBuildConfiguration section */

/* Begin XCConfigurationList section */
		134EF007202F374300CF4711 /* Build configuration list for PBXProject "SwiftPills" */ = {
			isa = XCConfigurationList;
			buildConfigurations = (
				134EF01C202F374300CF4711 /* Debug */,
				134EF01D202F374300CF4711 /* Release */,
			);
			defaultConfigurationIsVisible = 0;
			defaultConfigurationName = Release;
		};
		134EF01E202F374300CF4711 /* Build configuration list for PBXNativeTarget "SwiftPills" */ = {
			isa = XCConfigurationList;
			buildConfigurations = (
				134EF01F202F374300CF4711 /* Debug */,
				134EF020202F374300CF4711 /* Release */,
			);
			defaultConfigurationIsVisible = 0;
			defaultConfigurationName = Release;
		};
/* End XCConfigurationList section */
	};
	rootObject = 134EF004202F374300CF4711 /* Project object */;
}
